PODS:
  - Capacitor (1.4.0):
    - CapacitorCordova (= 1.4.0)
  - CapacitorCordova (1.4.0)
  - SquarePointOfSaleSDK (3.3.2)

DEPENDENCIES:
  - "Capacitor (from `../node_modules/@capacitor/ios`)"
  - "CapacitorCordova (from `../node_modules/@capacitor/ios`)"
  - SquarePointOfSaleSDK

SPEC REPOS:
  trunk:
    - SquarePointOfSaleSDK

EXTERNAL SOURCES:
  Capacitor:
    :path: "../node_modules/@capacitor/ios"
  CapacitorCordova:
    :path: "../node_modules/@capacitor/ios"

SPEC CHECKSUMS:
  Capacitor: e548fe61e71fa160367a36387f54483647ca20f6
  CapacitorCordova: 17c1ed13e5303aa5153fb405adb4196cc56b40d5
  SquarePointOfSaleSDK: 994f450ad45d63c3ca5f1ee9d2b3059cec39ae01

PODFILE CHECKSUM: ee8ca155de003437f66dcd5d5b92a9dd3d27d90c

COCOAPODS: 1.8.4
